
Microsoft Visual Studio Solution File, Format Version 12.00
# Visual Studio 15
VisualStudioVersion = 15.0.27004.2006
MinimumVisualStudioVersion = 10.0.40219.1
Project("{FAE04EC0-301F-11D3-BF4B-00C04F79EFBC}") = "VPNGET", "VPNGET\VPNGET.csproj", "{FEE8CD04-B03E-4D0D-B73D-B9140E196DA0}"
EndProject
Project("{FAE04EC0-301F-11D3-BF4B-00C04F79EFBC}") = "VPNGET.NetWork", "VPNGET.NetWork\VPNGET.NetWork.csproj", "{66706F67-A5E5-490E-8856-E98C510C8E15}"
EndProject
Project("{FAE04EC0-301F-11D3-BF4B-00C04F79EFBC}") = "VPNGET.Model", "VPNGET.Model\VPNGET.Model.csproj", "{AE3BA9C3-85D5-4AAD-BA09-49E8F04DC6D7}"
EndProject
Project("{FAE04EC0-301F-11D3-BF4B-00C04F79EFBC}") = "VPNGET.Common", "VPNGET.Common\VPNGET.Common.csproj", "{660C6157-79A0-4250-9624-33B61D5CD90D}"
EndProject
Project("{FAE04EC0-301F-11D3-BF4B-00C04F79EFBC}") = "VPNGET.ViewModel", "VPNGET.ViewModel\VPNGET.ViewModel.csproj", "{5347CEA9-D931-4FB2-BB8C-6A0A1792BF6F}"
EndProject
Project("{FAE04EC0-301F-11D3-BF4B-00C04F79EFBC}") = "VPNGATE.Command", "VPNGATE.Command\VPNGATE.Command.csproj", "{5B5698E7-2705-4CDA-A258-64D83AF75E22}"
EndProject
Global
	GlobalSection(SolutionConfigurationPlatforms) = preSolution
		Debug|Any CPU = Debug|Any CPU
		Debug|ARM = Debug|ARM
		Debug|x64 = Debug|x64
		Debug|x86 = Debug|x86
		Release|Any CPU = Release|Any CPU
		Release|ARM = Release|ARM
		Release|x64 = Release|x64
		Release|x86 = Release|x86
	EndGlobalSection
	GlobalSection(ProjectConfigurationPlatforms) = postSolution
		{FEE8CD04-B03E-4D0D-B73D-B9140E196DA0}.Debug|Any CPU.ActiveCfg = Debug|x86
		{FEE8CD04-B03E-4D0D-B73D-B9140E196DA0}.Debug|ARM.ActiveCfg = Debug|ARM
		{FEE8CD04-B03E-4D0D-B73D-B9140E196DA0}.Debug|ARM.Build.0 = Debug|ARM
		{FEE8CD04-B03E-4D0D-B73D-B9140E196DA0}.Debug|ARM.Deploy.0 = Debug|ARM
		{FEE8CD04-B03E-4D0D-B73D-B9140E196DA0}.Debug|x64.ActiveCfg = Debug|x64
		{FEE8CD04-B03E-4D0D-B73D-B9140E196DA0}.Debug|x64.Build.0 = Debug|x64
		{FEE8CD04-B03E-4D0D-B73D-B9140E196DA0}.Debug|x64.Deploy.0 = Debug|x64
		{FEE8CD04-B03E-4D0D-B73D-B9140E196DA0}.Debug|x86.ActiveCfg = Debug|x86
		{FEE8CD04-B03E-4D0D-B73D-B9140E196DA0}.Debug|x86.Build.0 = Debug|x86
		{FEE8CD04-B03E-4D0D-B73D-B9140E196DA0}.Debug|x86.Deploy.0 = Debug|x86
		{FEE8CD04-B03E-4D0D-B73D-B9140E196DA0}.Release|Any CPU.ActiveCfg = Release|x86
		{FEE8CD04-B03E-4D0D-B73D-B9140E196DA0}.Release|ARM.ActiveCfg = Release|ARM
		{FEE8CD04-B03E-4D0D-B73D-B9140E196DA0}.Release|ARM.Build.0 = Release|ARM
		{FEE8CD04-B03E-4D0D-B73D-B9140E196DA0}.Release|ARM.Deploy.0 = Release|ARM
		{FEE8CD04-B03E-4D0D-B73D-B9140E196DA0}.Release|x64.ActiveCfg = Release|x64
		{FEE8CD04-B03E-4D0D-B73D-B9140E196DA0}.Release|x64.Build.0 = Release|x64
		{FEE8CD04-B03E-4D0D-B73D-B9140E196DA0}.Release|x64.Deploy.0 = Release|x64
		{FEE8CD04-B03E-4D0D-B73D-B9140E196DA0}.Release|x86.ActiveCfg = Release|x86
		{FEE8CD04-B03E-4D0D-B73D-B9140E196DA0}.Release|x86.Build.0 = Release|x86
		{FEE8CD04-B03E-4D0D-B73D-B9140E196DA0}.Release|x86.Deploy.0 = Release|x86
		{66706F67-A5E5-490E-8856-E98C510C8E15}.Debug|Any CPU.ActiveCfg = Debug|Any CPU
		{66706F67-A5E5-490E-8856-E98C510C8E15}.Debug|Any CPU.Build.0 = Debug|Any CPU
		{66706F67-A5E5-490E-8856-E98C510C8E15}.Debug|ARM.ActiveCfg = Debug|ARM
		{66706F67-A5E5-490E-8856-E98C510C8E15}.Debug|ARM.Build.0 = Debug|ARM
		{66706F67-A5E5-490E-8856-E98C510C8E15}.Debug|x64.ActiveCfg = Debug|x64
		{66706F67-A5E5-490E-8856-E98C510C8E15}.Debug|x64.Build.0 = Debug|x64
		{66706F67-A5E5-490E-8856-E98C510C8E15}.Debug|x86.ActiveCfg = Debug|x86
		{66706F67-A5E5-490E-8856-E98C510C8E15}.Debug|x86.Build.0 = Debug|x86
		{66706F67-A5E5-490E-8856-E98C510C8E15}.Release|Any CPU.ActiveCfg = Release|Any CPU
		{66706F67-A5E5-490E-8856-E98C510C8E15}.Release|Any CPU.Build.0 = Release|Any CPU
		{66706F67-A5E5-490E-8856-E98C510C8E15}.Release|ARM.ActiveCfg = Release|ARM
		{66706F67-A5E5-490E-8856-E98C510C8E15}.Release|ARM.Build.0 = Release|ARM
		{66706F67-A5E5-490E-8856-E98C510C8E15}.Release|x64.ActiveCfg = Release|x64
		{66706F67-A5E5-490E-8856-E98C510C8E15}.Release|x64.Build.0 = Release|x64
		{66706F67-A5E5-490E-8856-E98C510C8E15}.Release|x86.ActiveCfg = Release|x86
		{66706F67-A5E5-490E-8856-E98C510C8E15}.Release|x86.Build.0 = Release|x86
		{AE3BA9C3-85D5-4AAD-BA09-49E8F04DC6D7}.Debug|Any CPU.ActiveCfg = Debug|Any CPU
		{AE3BA9C3-85D5-4AAD-BA09-49E8F04DC6D7}.Debug|Any CPU.Build.0 = Debug|Any CPU
		{AE3BA9C3-85D5-4AAD-BA09-49E8F04DC6D7}.Debug|ARM.ActiveCfg = Debug|ARM
		{AE3BA9C3-85D5-4AAD-BA09-49E8F04DC6D7}.Debug|ARM.Build.0 = Debug|ARM
		{AE3BA9C3-85D5-4AAD-BA09-49E8F04DC6D7}.Debug|x64.ActiveCfg = Debug|x64
		{AE3BA9C3-85D5-4AAD-BA09-49E8F04DC6D7}.Debug|x64.Build.0 = Debug|x64
		{AE3BA9C3-85D5-4AAD-BA09-49E8F04DC6D7}.Debug|x86.ActiveCfg = Debug|x86
		{AE3BA9C3-85D5-4AAD-BA09-49E8F04DC6D7}.Debug|x86.Build.0 = Debug|x86
		{AE3BA9C3-85D5-4AAD-BA09-49E8F04DC6D7}.Release|Any CPU.ActiveCfg = Release|Any CPU
		{AE3BA9C3-85D5-4AAD-BA09-49E8F04DC6D7}.Release|Any CPU.Build.0 = Release|Any CPU
		{AE3BA9C3-85D5-4AAD-BA09-49E8F04DC6D7}.Release|ARM.ActiveCfg = Release|ARM
		{AE3BA9C3-85D5-4AAD-BA09-49E8F04DC6D7}.Release|ARM.Build.0 = Release|ARM
		{AE3BA9C3-85D5-4AAD-BA09-49E8F04DC6D7}.Release|x64.ActiveCfg = Release|x64
		{AE3BA9C3-85D5-4AAD-BA09-49E8F04DC6D7}.Release|x64.Build.0 = Release|x64
		{AE3BA9C3-85D5-4AAD-BA09-49E8F04DC6D7}.Release|x86.ActiveCfg = Release|x86
		{AE3BA9C3-85D5-4AAD-BA09-49E8F04DC6D7}.Release|x86.Build.0 = Release|x86
		{660C6157-79A0-4250-9624-33B61D5CD90D}.Debug|Any CPU.ActiveCfg = Debug|Any CPU
		{660C6157-79A0-4250-9624-33B61D5CD90D}.Debug|Any CPU.Build.0 = Debug|Any CPU
		{660C6157-79A0-4250-9624-33B61D5CD90D}.Debug|ARM.ActiveCfg = Debug|ARM
		{660C6157-79A0-4250-9624-33B61D5CD90D}.Debug|ARM.Build.0 = Debug|ARM
		{660C6157-79A0-4250-9624-33B61D5CD90D}.Debug|x64.ActiveCfg = Debug|x64
		{660C6157-79A0-4250-9624-33B61D5CD90D}.Debug|x64.Build.0 = Debug|x64
		{660C6157-79A0-4250-9624-33B61D5CD90D}.Debug|x86.ActiveCfg = Debug|x86
		{660C6157-79A0-4250-9624-33B61D5CD90D}.Debug|x86.Build.0 = Debug|x86
		{660C6157-79A0-4250-9624-33B61D5CD90D}.Release|Any CPU.ActiveCfg = Release|Any CPU
		{660C6157-79A0-4250-9624-33B61D5CD90D}.Release|Any CPU.Build.0 = Release|Any CPU
		{660C6157-79A0-4250-9624-33B61D5CD90D}.Release|ARM.ActiveCfg = Release|ARM
		{660C6157-79A0-4250-9624-33B61D5CD90D}.Release|ARM.Build.0 = Release|ARM
		{660C6157-79A0-4250-9624-33B61D5CD90D}.Release|x64.ActiveCfg = Release|x64
		{660C6157-79A0-4250-9624-33B61D5CD90D}.Release|x64.Build.0 = Release|x64
		{660C6157-79A0-4250-9624-33B61D5CD90D}.Release|x86.ActiveCfg = Release|x86
		{660C6157-79A0-4250-9624-33B61D5CD90D}.Release|x86.Build.0 = Release|x86
		{5347CEA9-D931-4FB2-BB8C-6A0A1792BF6F}.Debug|Any CPU.ActiveCfg = Debug|Any CPU
		{5347CEA9-D931-4FB2-BB8C-6A0A1792BF6F}.Debug|Any CPU.Build.0 = Debug|Any CPU
		{5347CEA9-D931-4FB2-BB8C-6A0A1792BF6F}.Debug|ARM.ActiveCfg = Debug|ARM
		{5347CEA9-D931-4FB2-BB8C-6A0A1792BF6F}.Debug|ARM.Build.0 = Debug|ARM
		{5347CEA9-D931-4FB2-BB8C-6A0A1792BF6F}.Debug|x64.ActiveCfg = Debug|x64
		{5347CEA9-D931-4FB2-BB8C-6A0A1792BF6F}.Debug|x64.Build.0 = Debug|x64
		{5347CEA9-D931-4FB2-BB8C-6A0A1792BF6F}.Debug|x86.ActiveCfg = Debug|x86
		{5347CEA9-D931-4FB2-BB8C-6A0A1792BF6F}.Debug|x86.Build.0 = Debug|x86
		{5347CEA9-D931-4FB2-BB8C-6A0A1792BF6F}.Release|Any CPU.ActiveCfg = Release|Any CPU
		{5347CEA9-D931-4FB2-BB8C-6A0A1792BF6F}.Release|Any CPU.Build.0 = Release|Any CPU
		{5347CEA9-D931-4FB2-BB8C-6A0A1792BF6F}.Release|ARM.ActiveCfg = Release|ARM
		{5347CEA9-D931-4FB2-BB8C-6A0A1792BF6F}.Release|ARM.Build.0 = Release|ARM
		{5347CEA9-D931-4FB2-BB8C-6A0A1792BF6F}.Release|x64.ActiveCfg = Release|x64
		{5347CEA9-D931-4FB2-BB8C-6A0A1792BF6F}.Release|x64.Build.0 = Release|x64
		{5347CEA9-D931-4FB2-BB8C-6A0A1792BF6F}.Release|x86.ActiveCfg = Release|x86
		{5347CEA9-D931-4FB2-BB8C-6A0A1792BF6F}.Release|x86.Build.0 = Release|x86
		{5B5698E7-2705-4CDA-A258-64D83AF75E22}.Debug|Any CPU.ActiveCfg = Debug|Any CPU
		{5B5698E7-2705-4CDA-A258-64D83AF75E22}.Debug|Any CPU.Build.0 = Debug|Any CPU
		{5B5698E7-2705-4CDA-A258-64D83AF75E22}.Debug|ARM.ActiveCfg = Debug|ARM
		{5B5698E7-2705-4CDA-A258-64D83AF75E22}.Debug|ARM.Build.0 = Debug|ARM
		{5B5698E7-2705-4CDA-A258-64D83AF75E22}.Debug|x64.ActiveCfg = Debug|x64
		{5B5698E7-2705-4CDA-A258-64D83AF75E22}.Debug|x64.Build.0 = Debug|x64
		{5B5698E7-2705-4CDA-A258-64D83AF75E22}.Debug|x86.ActiveCfg = Debug|x86
		{5B5698E7-2705-4CDA-A258-64D83AF75E22}.Debug|x86.Build.0 = Debug|x86
		{5B5698E7-2705-4CDA-A258-64D83AF75E22}.Release|Any CPU.ActiveCfg = Release|Any CPU
		{5B5698E7-2705-4CDA-A258-64D83AF75E22}.Release|Any CPU.Build.0 = Release|Any CPU
		{5B5698E7-2705-4CDA-A258-64D83AF75E22}.Release|ARM.ActiveCfg = Release|ARM
		{5B5698E7-2705-4CDA-A258-64D83AF75E22}.Release|ARM.Build.0 = Release|ARM
		{5B5698E7-2705-4CDA-A258-64D83AF75E22}.Release|x64.ActiveCfg = Release|x64
		{5B5698E7-2705-4CDA-A258-64D83AF75E22}.Release|x64.Build.0 = Release|x64
		{5B5698E7-2705-4CDA-A258-64D83AF75E22}.Release|x86.ActiveCfg = Release|x86
		{5B5698E7-2705-4CDA-A258-64D83AF75E22}.Release|x86.Build.0 = Release|x86
	EndGlobalSection
	GlobalSection(SolutionProperties) = preSolution
		HideSolutionNode = FALSE
	EndGlobalSection
	GlobalSection(ExtensibilityGlobals) = postSolution
		SolutionGuid = {8BD6DCC0-4ECB-46CB-BA24-697183728362}
	EndGlobalSection
EndGlobal
